
Microsoft Visual Studio Solution File, Format Version 12.00
# Visual Studio 15
VisualStudioVersion = 15.0.28307.645
MinimumVisualStudioVersion = 10.0.40219.1
Project("{FAE04EC0-301F-11D3-BF4B-00C04F79EFBC}") = "PaymentTestbuildingLinkSolution", "PaymentTestbuildingLinkSolution\PaymentTestbuildingLinkSolution.csproj", "{2E78918B-0D12-4708-A035-C8328320151A}"
EndProject
Project("{FAE04EC0-301F-11D3-BF4B-00C04F79EFBC}") = "ACHProcessorUI", "ACHProcessor\ACHProcessorUI.csproj", "{B9131597-A71D-4C38-8CFE-7BF16A6FB0B2}"
EndProject
Global
	GlobalSection(SolutionConfigurationPlatforms) = preSolution
		Debug|Any CPU = Debug|Any CPU
		Release|Any CPU = Release|Any CPU
	EndGlobalSection
	GlobalSection(ProjectConfigurationPlatforms) = postSolution
		{2E78918B-0D12-4708-A035-C8328320151A}.Debug|Any CPU.ActiveCfg = Debug|Any CPU
		{2E78918B-0D12-4708-A035-C8328320151A}.Debug|Any CPU.Build.0 = Debug|Any CPU
		{2E78918B-0D12-4708-A035-C8328320151A}.Release|Any CPU.ActiveCfg = Release|Any CPU
		{2E78918B-0D12-4708-A035-C8328320151A}.Release|Any CPU.Build.0 = Release|Any CPU
		{B9131597-A71D-4C38-8CFE-7BF16A6FB0B2}.Debug|Any CPU.ActiveCfg = Debug|Any CPU
		{B9131597-A71D-4C38-8CFE-7BF16A6FB0B2}.Debug|Any CPU.Build.0 = Debug|Any CPU
		{B9131597-A71D-4C38-8CFE-7BF16A6FB0B2}.Release|Any CPU.ActiveCfg = Release|Any CPU
		{B9131597-A71D-4C38-8CFE-7BF16A6FB0B2}.Release|Any CPU.Build.0 = Release|Any CPU
	EndGlobalSection
	GlobalSection(SolutionProperties) = preSolution
		HideSolutionNode = FALSE
	EndGlobalSection
	GlobalSection(ExtensibilityGlobals) = postSolution
		SolutionGuid = {FB5BE420-42B6-45A6-8D90-C570749E9F46}
	EndGlobalSection
EndGlobal
